{
  "object": {
    "pins": [
      {
        "package": "Alamofire",
        "repositoryURL": "https://github.com/Alamofire/Alamofire.git",
        "state": {
          "branch": null,
          "revision": "59037bfd28aa963a7916f1eb22a74107a3522f16",
          "version": "5.0.5"
        }
      },
      {
        "package": "DeviceKit",
        "repositoryURL": "https://github.com/devicekit/DeviceKit",
        "state": {
          "branch": null,
          "revision": "4a1c9aa580ae1db763791015e119c4331c95ad02",
          "version": "2.3.0"
        }
      },
      {
        "package": "KeychainSwift",
        "repositoryURL": "https://github.com/evgenyneu/keychain-swift",
        "state": {
          "branch": null,
          "revision": "96fb84f45a96630e7583903bd7e08cf095c7a7ef",
          "version": "19.0.0"
        }
      },
      {
        "package": "Localize_Swift",
        "repositoryURL": "https://github.com/marmelroy/Localize-Swift",
        "state": {
          "branch": null,
          "revision": "f2d0c6d790b8af64ae54377ad93494e8d3e46b17",
          "version": "3.1.0"
        }
      },
      {
        "package": "Lottie",
        "repositoryURL": "https://github.com/airbnb/lottie-ios",
        "state": {
          "branch": null,
          "revision": "eb115967234671b725264422d82c9d1d6b226e5a",
          "version": "3.1.5"
        }
      },
      {
        "package": "Mapper",
        "repositoryURL": "https://github.com/lyft/mapper.git",
        "state": {
          "branch": null,
          "revision": "877dc54e709058ba1698da1417dd1b92fcb4085d",
          "version": "10.0.0"
        }
      },
      {
        "package": "Moya",
        "repositoryURL": "https://github.com/Moya/Moya.git",
        "state": {
          "branch": null,
          "revision": "b3e5a233e0d85fd4d69f561c80988590859c7dee",
          "version": "14.0.0"
        }
      },
      {
        "package": "Moya-ModelMapper",
        "repositoryURL": "https://github.com/sunshinejr/Moya-ModelMapper",
        "state": {
          "branch": "master",
          "revision": "3f0b7d953bedd2c61570bec7110fb30b720f028b",
          "version": null
        }
      },
      {
        "package": "QuickLayout",
        "repositoryURL": "https://github.com/huri000/QuickLayout",
        "state": {
          "branch": null,
          "revision": "6be62decbe508d8fc8f9dbafc349d05bab03c38b",
          "version": "3.0.1"
        }
      },
      {
        "package": "ReactiveSwift",
        "repositoryURL": "https://github.com/Moya/ReactiveSwift.git",
        "state": {
          "branch": null,
          "revision": "f195d82bb30e412e70446e2b4a77e1b514099e88",
          "version": "6.1.0"
        }
      },
      {
        "package": "Reusable",
        "repositoryURL": "https://github.com/AliSoftware/Reusable",
        "state": {
          "branch": null,
          "revision": "86cd17aa27e80d20bfe2ea57dd08958cf64664f4",
          "version": "4.1.1"
        }
      },
      {
        "package": "RxSwift",
        "repositoryURL": "https://github.com/reactivex/rxswift",
        "state": {
          "branch": null,
          "revision": "002d325b0bdee94e7882e1114af5ff4fe1e96afa",
          "version": "5.1.1"
        }
      },
      {
        "package": "SnapKit",
        "repositoryURL": "https://github.com/SnapKit/SnapKit",
        "state": {
          "branch": null,
          "revision": "d458564516e5676af9c70b4f4b2a9178294f1bc6",
          "version": "5.0.1"
        }
      },
      {
        "package": "SwiftEntryKit",
        "repositoryURL": "https://github.com/huri000/SwiftEntryKit",
        "state": {
          "branch": null,
          "revision": "796981500de29ee72f72ef8e9c46eaed2fe6364e",
          "version": "1.2.3"
        }
      },
      {
        "package": "SwiftyStoreKit",
        "repositoryURL": "https://github.com/bizz84/SwiftyStoreKit",
        "state": {
          "branch": null,
          "revision": "d830aaac6822a70245aa62ea1c51548e4fc90bad",
          "version": "0.15.0"
        }
      }
    ]
  },
  "version": 1
}
